<?xml version="1.0" encoding="utf-8"?>
<Project ToolsVersion="4.0" xmlns="http://schemas.microsoft.com/developer/msbuild/2003">
  <ItemGroup>
    <Filter Include="Source Files">
      <UniqueIdentifier>{4FC737F1-C7A5-4376-A066-2A32D752A2FF}</UniqueIdentifier>
      <Extensions>cpp;c;cc;cxx;c++;cppm;ixx;def;odl;idl;hpj;bat;asm;asmx</Extensions>
    </Filter>
    <Filter Include="Header Files">
      <UniqueIdentifier>{93995380-89BD-4b04-88EB-625FBE52EBFB}</UniqueIdentifier>
      <Extensions>h;hh;hpp;hxx;h++;hm;inl;inc;ipp;xsd</Extensions>
    </Filter>
    <Filter Include="Resource Files">
      <UniqueIdentifier>{67DA6AB6-F800-4c08-8B7A-83BB121AAD01}</UniqueIdentifier>
      <Extensions>rc;ico;cur;bmp;dlg;rc2;rct;bin;rgs;gif;jpg;jpeg;jpe;resx;tiff;tif;png;wav;mfcribbon-ms</Extensions>
    </Filter>
    <Filter Include="Source Files\imgui">
      <UniqueIdentifier>{9ba08981-5d2f-439e-b432-5f0d43ebae5c}</UniqueIdentifier>
    </Filter>
    <Filter Include="Header Files\imgui">
      <UniqueIdentifier>{950405d3-4d92-4729-ae4a-d5340d12f9c4}</UniqueIdentifier>
    </Filter>
    <Filter Include="Source Files\component">
      <UniqueIdentifier>{1ac5746a-8ded-4b6b-83b4-6afe741734b9}</UniqueIdentifier>
    </Filter>
    <Filter Include="Source Files\debug">
      <UniqueIdentifier>{99f8712c-8dc7-4e83-8b9c-c67d1642cd1f}</UniqueIdentifier>
    </Filter>
    <Filter Include="Source Files\system">
      <UniqueIdentifier>{6a4fe92c-f2d7-48dc-bb3c-61d7b62a10f9}</UniqueIdentifier>
    </Filter>
    <Filter Include="Source Files\data">
      <UniqueIdentifier>{61bb62f7-aacd-4a05-a498-2535bb27ecb8}</UniqueIdentifier>
    </Filter>
    <Filter Include="Source Files\render">
      <UniqueIdentifier>{2cdaa48e-4a01-4359-ad46-b12bb40a6bc3}</UniqueIdentifier>
    </Filter>
    <Filter Include="Source Files\glad">
      <UniqueIdentifier>{adb3bc0a-de79-4845-997f-529e616165ce}</UniqueIdentifier>
    </Filter>
    <Filter Include="Source Files\data\light">
      <UniqueIdentifier>{8cc44b9e-bc05-44d0-8b88-57da4a3ae450}</UniqueIdentifier>
    </Filter>
    <Filter Include="Source Files\glm">
      <UniqueIdentifier>{34587008-029d-4a2c-aa8f-076d64576756}</UniqueIdentifier>
    </Filter>
    <Filter Include="Header Files\component">
      <UniqueIdentifier>{d77482a0-4427-4f5a-a5d9-a5a83ca880e8}</UniqueIdentifier>
    </Filter>
    <Filter Include="Header Files\debug">
      <UniqueIdentifier>{f3b0188c-3812-4566-9559-2a44c7de8c51}</UniqueIdentifier>
    </Filter>
    <Filter Include="Header Files\system">
      <UniqueIdentifier>{b8b1e7fc-9022-4c10-b8f6-7e6ab5f93a5a}</UniqueIdentifier>
    </Filter>
    <Filter Include="Header Files\data">
      <UniqueIdentifier>{07595ac3-2ed0-4e7e-9f5b-62278b0323fc}</UniqueIdentifier>
    </Filter>
    <Filter Include="Header Files\data\light">
      <UniqueIdentifier>{92b23088-ab52-41f1-8087-ec3cfa6756cf}</UniqueIdentifier>
    </Filter>
    <Filter Include="Header Files\other">
      <UniqueIdentifier>{dedc6be8-9753-44cc-8857-f2ac7b66fccb}</UniqueIdentifier>
    </Filter>
    <Filter Include="Header Files\render">
      <UniqueIdentifier>{4f93e058-4d98-46ed-9def-bfe295f290a4}</UniqueIdentifier>
    </Filter>
    <Filter Include="Header Files\utils">
      <UniqueIdentifier>{bad095bd-8861-4704-9991-ebc6af020228}</UniqueIdentifier>
    </Filter>
    <Filter Include="Source Files\utils">
      <UniqueIdentifier>{dfa1a611-9fe5-4d8b-a167-1c9a9b34086f}</UniqueIdentifier>
    </Filter>
  </ItemGroup>
  <ItemGroup>
    <ClCompile Include="src\main.cpp">
      <Filter>Source Files</Filter>
    </ClCompile>
    <ClCompile Include="src\render\stb_image.cpp">
      <Filter>Source Files</Filter>
    </ClCompile>
    <ClCompile Include="src\render\Shader.cpp">
      <Filter>Source Files</Filter>
    </ClCompile>
    <ClCompile Include="src\system\editor\EditorCamera.cpp">
      <Filter>Source Files</Filter>
    </ClCompile>
    <ClCompile Include="src\system\entity\Entity.cpp">
      <Filter>Source Files</Filter>
    </ClCompile>
    <ClCompile Include="src\render\FrameBuffer.cpp">
      <Filter>Source Files\render</Filter>
    </ClCompile>
    <ClCompile Include="src\component\Component.cpp">
      <Filter>Source Files\component</Filter>
    </ClCompile>
    <ClCompile Include="src\debug\DebugMenu.cpp">
      <Filter>Source Files\debug</Filter>
    </ClCompile>
    <ClCompile Include="src\system\entity\EntityManager.cpp">
      <Filter>Source Files\system</Filter>
    </ClCompile>
    <ClCompile Include="src\component\Model.cpp">
      <Filter>Source Files\component</Filter>
    </ClCompile>
    <ClCompile Include="src\utils\glad\glad.c">
      <Filter>Source Files\glad</Filter>
    </ClCompile>
    <ClCompile Include="src\data\Texture.cpp">
      <Filter>Source Files\data</Filter>
    </ClCompile>
    <ClCompile Include="src\data\Material.cpp">
      <Filter>Source Files\data</Filter>
    </ClCompile>
    <ClCompile Include="include\maths\glm\glm.cppm">
      <Filter>Source Files\glm</Filter>
    </ClCompile>
    <ClCompile Include="include\maths\glm\detail\glm.cpp">
      <Filter>Source Files\glm</Filter>
    </ClCompile>
    <ClCompile Include="src\utils\ImGui_Utils.cpp">
      <Filter>Source Files\utils</Filter>
    </ClCompile>
    <ClCompile Include="src\system\Time.cpp">
      <Filter>Source Files</Filter>
    </ClCompile>
    <ClCompile Include="src\data\mesh\Mesh.cpp">
      <Filter>Source Files</Filter>
    </ClCompile>
    <ClCompile Include="src\system\editor\Editor.cpp">
      <Filter>Source Files</Filter>
    </ClCompile>
    <ClCompile Include="src\system\editor\Inspector.cpp">
      <Filter>Source Files</Filter>
    </ClCompile>
    <ClCompile Include="src\system\editor\Gizmo.cpp">
      <Filter>Source Files</Filter>
    </ClCompile>
    <ClCompile Include="src\data\mesh\WireCube.cpp">
      <Filter>Source Files</Filter>
    </ClCompile>
    <ClCompile Include="src\data\Color.cpp">
      <Filter>Source Files</Filter>
    </ClCompile>
    <ClCompile Include="src\data\mesh\WireSphere.cpp">
      <Filter>Source Files</Filter>
    </ClCompile>
    <ClCompile Include="src\component\Light.cpp">
      <Filter>Source Files</Filter>
    </ClCompile>
    <ClCompile Include="src\data\Transform.cpp">
      <Filter>Source Files</Filter>
    </ClCompile>
    <ClCompile Include="src\data\mesh\WireCone.cpp">
      <Filter>Source Files</Filter>
    </ClCompile>
    <ClCompile Include="src\data\mesh\WireConeFrustum.cpp">
      <Filter>Source Files</Filter>
    </ClCompile>
    <ClCompile Include="src\data\BoundingBox.cpp">
      <Filter>Source Files</Filter>
    </ClCompile>
    <ClCompile Include="..\ThirdPartyLibs\ImGuizmo\ImCurveEdit.cpp">
      <Filter>Source Files</Filter>
    </ClCompile>
    <ClCompile Include="..\ThirdPartyLibs\ImGuizmo\ImGradient.cpp">
      <Filter>Source Files</Filter>
    </ClCompile>
    <ClCompile Include="..\ThirdPartyLibs\ImGuizmo\ImGuizmo.cpp">
      <Filter>Source Files</Filter>
    </ClCompile>
    <ClCompile Include="..\ThirdPartyLibs\ImGuizmo\ImSequencer.cpp">
      <Filter>Source Files</Filter>
    </ClCompile>
    <ClCompile Include="..\ThirdPartyLibs\ImGui\imgui.cpp">
      <Filter>Source Files</Filter>
    </ClCompile>
    <ClCompile Include="..\ThirdPartyLibs\ImGui\imgui_demo.cpp">
      <Filter>Source Files</Filter>
    </ClCompile>
    <ClCompile Include="..\ThirdPartyLibs\ImGui\imgui_draw.cpp">
      <Filter>Source Files</Filter>
    </ClCompile>
    <ClCompile Include="..\ThirdPartyLibs\ImGui\imgui_impl_glfw.cpp">
      <Filter>Source Files</Filter>
    </ClCompile>
    <ClCompile Include="..\ThirdPartyLibs\ImGui\imgui_impl_opengl3.cpp">
      <Filter>Source Files</Filter>
    </ClCompile>
    <ClCompile Include="..\ThirdPartyLibs\ImGui\imgui_tables.cpp">
      <Filter>Source Files</Filter>
    </ClCompile>
    <ClCompile Include="..\ThirdPartyLibs\ImGui\imgui_widgets.cpp">
      <Filter>Source Files</Filter>
    </ClCompile>
  </ItemGroup>
  <ItemGroup>
    <ClInclude Include="..\imgui\imconfig.h">
      <Filter>Header Files\imgui</Filter>
    </ClInclude>
    <ClInclude Include="..\imgui\imgui.h">
      <Filter>Header Files\imgui</Filter>
    </ClInclude>
    <ClInclude Include="..\imgui\imgui_impl_glfw.h">
      <Filter>Header Files\imgui</Filter>
    </ClInclude>
    <ClInclude Include="..\imgui\imgui_impl_opengl3.h">
      <Filter>Header Files\imgui</Filter>
    </ClInclude>
    <ClInclude Include="..\imgui\imgui_internal.h">
      <Filter>Header Files\imgui</Filter>
    </ClInclude>
    <ClInclude Include="..\imgui\imstb_rectpack.h">
      <Filter>Header Files\imgui</Filter>
    </ClInclude>
    <ClInclude Include="..\imgui\imstb_textedit.h">
      <Filter>Header Files\imgui</Filter>
    </ClInclude>
    <ClInclude Include="..\imgui\imstb_truetype.h">
      <Filter>Header Files\imgui</Filter>
    </ClInclude>
    <ClInclude Include="..\imgui\imgui_impl_opengl3_loader.h">
      <Filter>Header Files\imgui</Filter>
    </ClInclude>
    <ClInclude Include="include\render\Shader.h">
      <Filter>Header Files</Filter>
    </ClInclude>
    <ClInclude Include="include\system\editor\EditorCamera.h">
      <Filter>Header Files</Filter>
    </ClInclude>
    <ClInclude Include="include\component\Model.h">
      <Filter>Header Files</Filter>
    </ClInclude>
    <ClInclude Include="include\system\entity\Entity.h">
      <Filter>Header Files</Filter>
    </ClInclude>
    <ClInclude Include="include\maths\glm\detail\_features.hpp">
      <Filter>Header Files\other</Filter>
    </ClInclude>
    <ClInclude Include="include\maths\glm\detail\_fixes.hpp">
      <Filter>Header Files\other</Filter>
    </ClInclude>
    <ClInclude Include="include\maths\glm\ext\_matrix_vectorize.hpp">
      <Filter>Header Files\other</Filter>
    </ClInclude>
    <ClInclude Include="include\maths\glm\detail\_noise.hpp">
      <Filter>Header Files\other</Filter>
    </ClInclude>
    <ClInclude Include="include\maths\glm\detail\_swizzle.hpp">
      <Filter>Header Files\other</Filter>
    </ClInclude>
    <ClInclude Include="include\maths\glm\detail\_swizzle_func.hpp">
      <Filter>Header Files\other</Filter>
    </ClInclude>
    <ClInclude Include="include\maths\glm\detail\_vectorize.hpp">
      <Filter>Header Files\other</Filter>
    </ClInclude>
    <ClInclude Include="include\maths\glm\gtx\associated_min_max.hpp">
      <Filter>Header Files\other</Filter>
    </ClInclude>
    <ClInclude Include="include\maths\glm\gtx\bit.hpp">
      <Filter>Header Files\other</Filter>
    </ClInclude>
    <ClInclude Include="include\maths\glm\gtc\bitfield.hpp">
      <Filter>Header Files\other</Filter>
    </ClInclude>
    <ClInclude Include="include\maths\glm\gtx\closest_point.hpp">
      <Filter>Header Files\other</Filter>
    </ClInclude>
    <ClInclude Include="include\maths\glm\gtx\color_encoding.hpp">
      <Filter>Header Files\other</Filter>
    </ClInclude>
    <ClInclude Include="include\maths\glm\gtx\color_space.hpp">
      <Filter>Header Files\other</Filter>
    </ClInclude>
    <ClInclude Include="include\maths\glm\gtc\color_space.hpp">
      <Filter>Header Files\other</Filter>
    </ClInclude>
    <ClInclude Include="include\maths\glm\gtx\color_space_YCoCg.hpp">
      <Filter>Header Files\other</Filter>
    </ClInclude>
    <ClInclude Include="include\maths\glm\simd\common.h">
      <Filter>Header Files\other</Filter>
    </ClInclude>
    <ClInclude Include="include\maths\glm\gtx\common.hpp">
      <Filter>Header Files\other</Filter>
    </ClInclude>
    <ClInclude Include="include\maths\glm\common.hpp">
      <Filter>Header Files\other</Filter>
    </ClInclude>
    <ClInclude Include="include\maths\glm\gtx\compatibility.hpp">
      <Filter>Header Files\other</Filter>
    </ClInclude>
    <ClInclude Include="include\maths\glm\gtx\component_wise.hpp">
      <Filter>Header Files\other</Filter>
    </ClInclude>
    <ClInclude Include="include\maths\glm\detail\compute_common.hpp">
      <Filter>Header Files\other</Filter>
    </ClInclude>
    <ClInclude Include="include\maths\glm\detail\compute_vector_decl.hpp">
      <Filter>Header Files\other</Filter>
    </ClInclude>
    <ClInclude Include="include\maths\glm\detail\compute_vector_relational.hpp">
      <Filter>Header Files\other</Filter>
    </ClInclude>
    <ClInclude Include="include\maths\glm\gtc\constants.hpp">
      <Filter>Header Files\other</Filter>
    </ClInclude>
    <ClInclude Include="include\maths\glm\gtx\dual_quaternion.hpp">
      <Filter>Header Files\other</Filter>
    </ClInclude>
    <ClInclude Include="include\maths\glm\gtx\easing.hpp">
      <Filter>Header Files\other</Filter>
    </ClInclude>
    <ClInclude Include="include\component\Component.h">
      <Filter>Header Files\component</Filter>
    </ClInclude>
    <ClInclude Include="include\debug\DebugMenu.h">
      <Filter>Header Files\debug</Filter>
    </ClInclude>
    <ClInclude Include="include\system\entity\EntityManager.h">
      <Filter>Header Files\system</Filter>
    </ClInclude>
    <ClInclude Include="include\maths\glm\gtc\epsilon.hpp">
      <Filter>Header Files\other</Filter>
    </ClInclude>
    <ClInclude Include="include\maths\glm\gtx\euler_angles.hpp">
      <Filter>Header Files\other</Filter>
    </ClInclude>
    <ClInclude Include="include\maths\glm\simd\exponential.h">
      <Filter>Header Files\other</Filter>
    </ClInclude>
    <ClInclude Include="include\maths\glm\exponential.hpp">
      <Filter>Header Files\other</Filter>
    </ClInclude>
    <ClInclude Include="include\maths\glm\ext.hpp">
      <Filter>Header Files\other</Filter>
    </ClInclude>
    <ClInclude Include="include\maths\glm\gtx\extend.hpp">
      <Filter>Header Files\other</Filter>
    </ClInclude>
    <ClInclude Include="include\maths\glm\gtx\extended_min_max.hpp">
      <Filter>Header Files\other</Filter>
    </ClInclude>
    <ClInclude Include="include\maths\glm\gtx\exterior_product.hpp">
      <Filter>Header Files\other</Filter>
    </ClInclude>
    <ClInclude Include="include\maths\glm\gtx\fast_exponential.hpp">
      <Filter>Header Files\other</Filter>
    </ClInclude>
    <ClInclude Include="include\maths\glm\gtx\fast_square_root.hpp">
      <Filter>Header Files\other</Filter>
    </ClInclude>
    <ClInclude Include="include\maths\glm\gtx\fast_trigonometry.hpp">
      <Filter>Header Files\other</Filter>
    </ClInclude>
    <ClInclude Include="include\render\FrameBuffer.h">
      <Filter>Header Files\render</Filter>
    </ClInclude>
    <ClInclude Include="include\maths\glm\gtx\functions.hpp">
      <Filter>Header Files\other</Filter>
    </ClInclude>
    <ClInclude Include="include\maths\glm\fwd.hpp">
      <Filter>Header Files\other</Filter>
    </ClInclude>
    <ClInclude Include="include\maths\glm\simd\geometric.h">
      <Filter>Header Files\other</Filter>
    </ClInclude>
    <ClInclude Include="include\maths\glm\geometric.hpp">
      <Filter>Header Files\other</Filter>
    </ClInclude>
    <ClInclude Include="include\utils\glad\glad.h">
      <Filter>Header Files\other</Filter>
    </ClInclude>
    <ClInclude Include="include\maths\glm\glm.hpp">
      <Filter>Header Files\other</Filter>
    </ClInclude>
    <ClInclude Include="include\maths\glm\gtx\gradient_paint.hpp">
      <Filter>Header Files\other</Filter>
    </ClInclude>
    <ClInclude Include="include\maths\glm\gtx\handed_coordinate_space.hpp">
      <Filter>Header Files\other</Filter>
    </ClInclude>
    <ClInclude Include="include\maths\glm\gtx\hash.hpp">
      <Filter>Header Files\other</Filter>
    </ClInclude>
    <ClInclude Include="include\maths\glm\simd\integer.h">
      <Filter>Header Files\other</Filter>
    </ClInclude>
    <ClInclude Include="include\maths\glm\gtx\integer.hpp">
      <Filter>Header Files\other</Filter>
    </ClInclude>
    <ClInclude Include="include\maths\glm\integer.hpp">
      <Filter>Header Files\other</Filter>
    </ClInclude>
    <ClInclude Include="include\maths\glm\gtc\integer.hpp">
      <Filter>Header Files\other</Filter>
    </ClInclude>
    <ClInclude Include="include\maths\glm\gtx\intersect.hpp">
      <Filter>Header Files\other</Filter>
    </ClInclude>
    <ClInclude Include="include\maths\glm\gtx\io.hpp">
      <Filter>Header Files\other</Filter>
    </ClInclude>
    <ClInclude Include="include\utils\KHR\khrplatform.h">
      <Filter>Header Files\other</Filter>
    </ClInclude>
    <ClInclude Include="include\maths\glm\gtx\log_base.hpp">
      <Filter>Header Files\other</Filter>
    </ClInclude>
    <ClInclude Include="include\maths\glm\mat2x2.hpp">
      <Filter>Header Files\other</Filter>
    </ClInclude>
    <ClInclude Include="include\maths\glm\mat2x3.hpp">
      <Filter>Header Files\other</Filter>
    </ClInclude>
    <ClInclude Include="include\maths\glm\mat2x4.hpp">
      <Filter>Header Files\other</Filter>
    </ClInclude>
    <ClInclude Include="include\maths\glm\mat3x2.hpp">
      <Filter>Header Files\other</Filter>
    </ClInclude>
    <ClInclude Include="include\maths\glm\mat3x3.hpp">
      <Filter>Header Files\other</Filter>
    </ClInclude>
    <ClInclude Include="include\maths\glm\mat3x4.hpp">
      <Filter>Header Files\other</Filter>
    </ClInclude>
    <ClInclude Include="include\maths\glm\mat4x2.hpp">
      <Filter>Header Files\other</Filter>
    </ClInclude>
    <ClInclude Include="include\maths\glm\mat4x3.hpp">
      <Filter>Header Files\other</Filter>
    </ClInclude>
    <ClInclude Include="include\maths\glm\mat4x4.hpp">
      <Filter>Header Files\other</Filter>
    </ClInclude>
    <ClInclude Include="include\data\Material.h">
      <Filter>Header Files\data</Filter>
    </ClInclude>
    <ClInclude Include="include\maths\glm\simd\matrix.h">
      <Filter>Header Files\other</Filter>
    </ClInclude>
    <ClInclude Include="include\maths\glm\matrix.hpp">
      <Filter>Header Files\other</Filter>
    </ClInclude>
    <ClInclude Include="include\maths\glm\gtc\matrix_access.hpp">
      <Filter>Header Files\other</Filter>
    </ClInclude>
    <ClInclude Include="include\maths\glm\ext\matrix_clip_space.hpp">
      <Filter>Header Files\other</Filter>
    </ClInclude>
    <ClInclude Include="include\maths\glm\ext\matrix_common.hpp">
      <Filter>Header Files\other</Filter>
    </ClInclude>
    <ClInclude Include="include\maths\glm\gtx\matrix_cross_product.hpp">
      <Filter>Header Files\other</Filter>
    </ClInclude>
    <ClInclude Include="include\maths\glm\gtx\matrix_decompose.hpp">
      <Filter>Header Files\other</Filter>
    </ClInclude>
    <ClInclude Include="include\maths\glm\ext\matrix_double2x2.hpp">
      <Filter>Header Files\other</Filter>
    </ClInclude>
    <ClInclude Include="include\maths\glm\ext\matrix_double2x2_precision.hpp">
      <Filter>Header Files\other</Filter>
    </ClInclude>
    <ClInclude Include="include\maths\glm\ext\matrix_double2x3.hpp">
      <Filter>Header Files\other</Filter>
    </ClInclude>
    <ClInclude Include="include\maths\glm\ext\matrix_double2x3_precision.hpp">
      <Filter>Header Files\other</Filter>
    </ClInclude>
    <ClInclude Include="include\maths\glm\ext\matrix_double2x4.hpp">
      <Filter>Header Files\other</Filter>
    </ClInclude>
    <ClInclude Include="include\maths\glm\ext\matrix_double2x4_precision.hpp">
      <Filter>Header Files\other</Filter>
    </ClInclude>
    <ClInclude Include="include\maths\glm\ext\matrix_double3x2.hpp">
      <Filter>Header Files\other</Filter>
    </ClInclude>
    <ClInclude Include="include\maths\glm\ext\matrix_double3x2_precision.hpp">
      <Filter>Header Files\other</Filter>
    </ClInclude>
    <ClInclude Include="include\maths\glm\ext\matrix_double3x3.hpp">
      <Filter>Header Files\other</Filter>
    </ClInclude>
    <ClInclude Include="include\maths\glm\ext\matrix_double3x3_precision.hpp">
      <Filter>Header Files\other</Filter>
    </ClInclude>
    <ClInclude Include="include\maths\glm\ext\matrix_double3x4.hpp">
      <Filter>Header Files\other</Filter>
    </ClInclude>
    <ClInclude Include="include\maths\glm\ext\matrix_double3x4_precision.hpp">
      <Filter>Header Files\other</Filter>
    </ClInclude>
    <ClInclude Include="include\maths\glm\ext\matrix_double4x2.hpp">
      <Filter>Header Files\other</Filter>
    </ClInclude>
    <ClInclude Include="include\maths\glm\ext\matrix_double4x2_precision.hpp">
      <Filter>Header Files\other</Filter>
    </ClInclude>
    <ClInclude Include="include\maths\glm\ext\matrix_double4x3.hpp">
      <Filter>Header Files\other</Filter>
    </ClInclude>
    <ClInclude Include="include\maths\glm\ext\matrix_double4x3_precision.hpp">
      <Filter>Header Files\other</Filter>
    </ClInclude>
    <ClInclude Include="include\maths\glm\ext\matrix_double4x4.hpp">
      <Filter>Header Files\other</Filter>
    </ClInclude>
    <ClInclude Include="include\maths\glm\ext\matrix_double4x4_precision.hpp">
      <Filter>Header Files\other</Filter>
    </ClInclude>
    <ClInclude Include="include\maths\glm\gtx\matrix_factorisation.hpp">
      <Filter>Header Files\other</Filter>
    </ClInclude>
    <ClInclude Include="include\maths\glm\ext\matrix_float2x2.hpp">
      <Filter>Header Files\other</Filter>
    </ClInclude>
    <ClInclude Include="include\maths\glm\ext\matrix_float2x2_precision.hpp">
      <Filter>Header Files\other</Filter>
    </ClInclude>
    <ClInclude Include="include\maths\glm\ext\matrix_float2x3.hpp">
      <Filter>Header Files\other</Filter>
    </ClInclude>
    <ClInclude Include="include\maths\glm\ext\matrix_float2x3_precision.hpp">
      <Filter>Header Files\other</Filter>
    </ClInclude>
    <ClInclude Include="include\maths\glm\ext\matrix_float2x4.hpp">
      <Filter>Header Files\other</Filter>
    </ClInclude>
    <ClInclude Include="include\maths\glm\ext\matrix_float2x4_precision.hpp">
      <Filter>Header Files\other</Filter>
    </ClInclude>
    <ClInclude Include="include\maths\glm\ext\matrix_float3x2.hpp">
      <Filter>Header Files\other</Filter>
    </ClInclude>
    <ClInclude Include="include\maths\glm\ext\matrix_float3x2_precision.hpp">
      <Filter>Header Files\other</Filter>
    </ClInclude>
    <ClInclude Include="include\maths\glm\ext\matrix_float3x3.hpp">
      <Filter>Header Files\other</Filter>
    </ClInclude>
    <ClInclude Include="include\maths\glm\ext\matrix_float3x3_precision.hpp">
      <Filter>Header Files\other</Filter>
    </ClInclude>
    <ClInclude Include="include\maths\glm\ext\matrix_float3x4.hpp">
      <Filter>Header Files\other</Filter>
    </ClInclude>
    <ClInclude Include="include\maths\glm\ext\matrix_float3x4_precision.hpp">
      <Filter>Header Files\other</Filter>
    </ClInclude>
    <ClInclude Include="include\maths\glm\ext\matrix_float4x2.hpp">
      <Filter>Header Files\other</Filter>
    </ClInclude>
    <ClInclude Include="include\maths\glm\ext\matrix_float4x2_precision.hpp">
      <Filter>Header Files\other</Filter>
    </ClInclude>
    <ClInclude Include="include\maths\glm\ext\matrix_float4x3.hpp">
      <Filter>Header Files\other</Filter>
    </ClInclude>
    <ClInclude Include="include\maths\glm\ext\matrix_float4x3_precision.hpp">
      <Filter>Header Files\other</Filter>
    </ClInclude>
    <ClInclude Include="include\maths\glm\ext\matrix_float4x4.hpp">
      <Filter>Header Files\other</Filter>
    </ClInclude>
    <ClInclude Include="include\maths\glm\ext\matrix_float4x4_precision.hpp">
      <Filter>Header Files\other</Filter>
    </ClInclude>
    <ClInclude Include="include\maths\glm\ext\matrix_int2x2.hpp">
      <Filter>Header Files\other</Filter>
    </ClInclude>
    <ClInclude Include="include\maths\glm\ext\matrix_int2x2_sized.hpp">
      <Filter>Header Files\other</Filter>
    </ClInclude>
    <ClInclude Include="include\maths\glm\ext\matrix_int2x3.hpp">
      <Filter>Header Files\other</Filter>
    </ClInclude>
    <ClInclude Include="include\maths\glm\ext\matrix_int2x3_sized.hpp">
      <Filter>Header Files\other</Filter>
    </ClInclude>
    <ClInclude Include="include\maths\glm\ext\matrix_int2x4.hpp">
      <Filter>Header Files\other</Filter>
    </ClInclude>
    <ClInclude Include="include\maths\glm\ext\matrix_int2x4_sized.hpp">
      <Filter>Header Files\other</Filter>
    </ClInclude>
    <ClInclude Include="include\maths\glm\ext\matrix_int3x2.hpp">
      <Filter>Header Files\other</Filter>
    </ClInclude>
    <ClInclude Include="include\maths\glm\ext\matrix_int3x2_sized.hpp">
      <Filter>Header Files\other</Filter>
    </ClInclude>
    <ClInclude Include="include\maths\glm\ext\matrix_int3x3.hpp">
      <Filter>Header Files\other</Filter>
    </ClInclude>
    <ClInclude Include="include\maths\glm\ext\matrix_int3x3_sized.hpp">
      <Filter>Header Files\other</Filter>
    </ClInclude>
    <ClInclude Include="include\maths\glm\ext\matrix_int3x4.hpp">
      <Filter>Header Files\other</Filter>
    </ClInclude>
    <ClInclude Include="include\maths\glm\ext\matrix_int3x4_sized.hpp">
      <Filter>Header Files\other</Filter>
    </ClInclude>
    <ClInclude Include="include\maths\glm\ext\matrix_int4x2.hpp">
      <Filter>Header Files\other</Filter>
    </ClInclude>
    <ClInclude Include="include\maths\glm\ext\matrix_int4x2_sized.hpp">
      <Filter>Header Files\other</Filter>
    </ClInclude>
    <ClInclude Include="include\maths\glm\ext\matrix_int4x3.hpp">
      <Filter>Header Files\other</Filter>
    </ClInclude>
    <ClInclude Include="include\maths\glm\ext\matrix_int4x3_sized.hpp">
      <Filter>Header Files\other</Filter>
    </ClInclude>
    <ClInclude Include="include\maths\glm\ext\matrix_int4x4.hpp">
      <Filter>Header Files\other</Filter>
    </ClInclude>
    <ClInclude Include="include\maths\glm\ext\matrix_int4x4_sized.hpp">
      <Filter>Header Files\other</Filter>
    </ClInclude>
    <ClInclude Include="include\maths\glm\gtc\matrix_integer.hpp">
      <Filter>Header Files\other</Filter>
    </ClInclude>
    <ClInclude Include="include\maths\glm\ext\matrix_integer.hpp">
      <Filter>Header Files\other</Filter>
    </ClInclude>
    <ClInclude Include="include\maths\glm\gtx\matrix_interpolation.hpp">
      <Filter>Header Files\other</Filter>
    </ClInclude>
    <ClInclude Include="include\maths\glm\gtc\matrix_inverse.hpp">
      <Filter>Header Files\other</Filter>
    </ClInclude>
    <ClInclude Include="include\maths\glm\gtx\matrix_major_storage.hpp">
      <Filter>Header Files\other</Filter>
    </ClInclude>
    <ClInclude Include="include\maths\glm\gtx\matrix_operation.hpp">
      <Filter>Header Files\other</Filter>
    </ClInclude>
    <ClInclude Include="include\maths\glm\ext\matrix_projection.hpp">
      <Filter>Header Files\other</Filter>
    </ClInclude>
    <ClInclude Include="include\maths\glm\gtx\matrix_query.hpp">
      <Filter>Header Files\other</Filter>
    </ClInclude>
    <ClInclude Include="include\maths\glm\ext\matrix_relational.hpp">
      <Filter>Header Files\other</Filter>
    </ClInclude>
    <ClInclude Include="include\maths\glm\gtc\matrix_transform.hpp">
      <Filter>Header Files\other</Filter>
    </ClInclude>
    <ClInclude Include="include\maths\glm\ext\matrix_transform.hpp">
      <Filter>Header Files\other</Filter>
    </ClInclude>
    <ClInclude Include="include\maths\glm\gtx\matrix_transform_2d.hpp">
      <Filter>Header Files\other</Filter>
    </ClInclude>
    <ClInclude Include="include\maths\glm\ext\matrix_uint2x2.hpp">
      <Filter>Header Files\other</Filter>
    </ClInclude>
    <ClInclude Include="include\maths\glm\ext\matrix_uint2x2_sized.hpp">
      <Filter>Header Files\other</Filter>
    </ClInclude>
    <ClInclude Include="include\maths\glm\ext\matrix_uint2x3.hpp">
      <Filter>Header Files\other</Filter>
    </ClInclude>
    <ClInclude Include="include\maths\glm\ext\matrix_uint2x3_sized.hpp">
      <Filter>Header Files\other</Filter>
    </ClInclude>
    <ClInclude Include="include\maths\glm\ext\matrix_uint2x4.hpp">
      <Filter>Header Files\other</Filter>
    </ClInclude>
    <ClInclude Include="include\maths\glm\ext\matrix_uint2x4_sized.hpp">
      <Filter>Header Files\other</Filter>
    </ClInclude>
    <ClInclude Include="include\maths\glm\ext\matrix_uint3x2.hpp">
      <Filter>Header Files\other</Filter>
    </ClInclude>
    <ClInclude Include="include\maths\glm\ext\matrix_uint3x2_sized.hpp">
      <Filter>Header Files\other</Filter>
    </ClInclude>
    <ClInclude Include="include\maths\glm\ext\matrix_uint3x3.hpp">
      <Filter>Header Files\other</Filter>
    </ClInclude>
    <ClInclude Include="include\maths\glm\ext\matrix_uint3x3_sized.hpp">
      <Filter>Header Files\other</Filter>
    </ClInclude>
    <ClInclude Include="include\maths\glm\ext\matrix_uint3x4.hpp">
      <Filter>Header Files\other</Filter>
    </ClInclude>
    <ClInclude Include="include\maths\glm\ext\matrix_uint3x4_sized.hpp">
      <Filter>Header Files\other</Filter>
    </ClInclude>
    <ClInclude Include="include\maths\glm\ext\matrix_uint4x2.hpp">
      <Filter>Header Files\other</Filter>
    </ClInclude>
    <ClInclude Include="include\maths\glm\ext\matrix_uint4x2_sized.hpp">
      <Filter>Header Files\other</Filter>
    </ClInclude>
    <ClInclude Include="include\maths\glm\ext\matrix_uint4x3.hpp">
      <Filter>Header Files\other</Filter>
    </ClInclude>
    <ClInclude Include="include\maths\glm\ext\matrix_uint4x3_sized.hpp">
      <Filter>Header Files\other</Filter>
    </ClInclude>
    <ClInclude Include="include\maths\glm\ext\matrix_uint4x4.hpp">
      <Filter>Header Files\other</Filter>
    </ClInclude>
    <ClInclude Include="include\maths\glm\ext\matrix_uint4x4_sized.hpp">
      <Filter>Header Files\other</Filter>
    </ClInclude>
    <ClInclude Include="include\maths\glm\gtx\mixed_product.hpp">
      <Filter>Header Files\other</Filter>
    </ClInclude>
    <ClInclude Include="include\maths\glm\simd\neon.h">
      <Filter>Header Files\other</Filter>
    </ClInclude>
    <ClInclude Include="include\maths\glm\gtc\noise.hpp">
      <Filter>Header Files\other</Filter>
    </ClInclude>
    <ClInclude Include="include\maths\glm\gtx\norm.hpp">
      <Filter>Header Files\other</Filter>
    </ClInclude>
    <ClInclude Include="include\maths\glm\gtx\normal.hpp">
      <Filter>Header Files\other</Filter>
    </ClInclude>
    <ClInclude Include="include\maths\glm\gtx\normalize_dot.hpp">
      <Filter>Header Files\other</Filter>
    </ClInclude>
    <ClInclude Include="include\maths\glm\gtx\number_precision.hpp">
      <Filter>Header Files\other</Filter>
    </ClInclude>
    <ClInclude Include="include\maths\glm\gtx\optimum_pow.hpp">
      <Filter>Header Files\other</Filter>
    </ClInclude>
    <ClInclude Include="include\maths\glm\gtx\orthonormalize.hpp">
      <Filter>Header Files\other</Filter>
    </ClInclude>
    <ClInclude Include="include\maths\glm\simd\packing.h">
      <Filter>Header Files\other</Filter>
    </ClInclude>
    <ClInclude Include="include\maths\glm\gtc\packing.hpp">
      <Filter>Header Files\other</Filter>
    </ClInclude>
    <ClInclude Include="include\maths\glm\packing.hpp">
      <Filter>Header Files\other</Filter>
    </ClInclude>
    <ClInclude Include="include\maths\glm\gtx\pca.hpp">
      <Filter>Header Files\other</Filter>
    </ClInclude>
    <ClInclude Include="include\maths\glm\gtx\perpendicular.hpp">
      <Filter>Header Files\other</Filter>
    </ClInclude>
    <ClInclude Include="include\maths\glm\simd\platform.h">
      <Filter>Header Files\other</Filter>
    </ClInclude>
    <ClInclude Include="include\maths\glm\gtx\polar_coordinates.hpp">
      <Filter>Header Files\other</Filter>
    </ClInclude>
    <ClInclude Include="include\maths\glm\gtx\projection.hpp">
      <Filter>Header Files\other</Filter>
    </ClInclude>
    <ClInclude Include="include\maths\glm\detail\qualifier.hpp">
      <Filter>Header Files\other</Filter>
    </ClInclude>
    <ClInclude Include="include\maths\glm\gtx\quaternion.hpp">
      <Filter>Header Files\other</Filter>
    </ClInclude>
    <ClInclude Include="include\maths\glm\gtc\quaternion.hpp">
      <Filter>Header Files\other</Filter>
    </ClInclude>
    <ClInclude Include="include\maths\glm\ext\quaternion_common.hpp">
      <Filter>Header Files\other</Filter>
    </ClInclude>
    <ClInclude Include="include\maths\glm\ext\quaternion_double.hpp">
      <Filter>Header Files\other</Filter>
    </ClInclude>
    <ClInclude Include="include\maths\glm\ext\quaternion_double_precision.hpp">
      <Filter>Header Files\other</Filter>
    </ClInclude>
    <ClInclude Include="include\maths\glm\ext\quaternion_exponential.hpp">
      <Filter>Header Files\other</Filter>
    </ClInclude>
    <ClInclude Include="include\maths\glm\ext\quaternion_float.hpp">
      <Filter>Header Files\other</Filter>
    </ClInclude>
    <ClInclude Include="include\maths\glm\ext\quaternion_float_precision.hpp">
      <Filter>Header Files\other</Filter>
    </ClInclude>
    <ClInclude Include="include\maths\glm\ext\quaternion_geometric.hpp">
      <Filter>Header Files\other</Filter>
    </ClInclude>
    <ClInclude Include="include\maths\glm\ext\quaternion_relational.hpp">
      <Filter>Header Files\other</Filter>
    </ClInclude>
    <ClInclude Include="include\maths\glm\ext\quaternion_transform.hpp">
      <Filter>Header Files\other</Filter>
    </ClInclude>
    <ClInclude Include="include\maths\glm\ext\quaternion_trigonometric.hpp">
      <Filter>Header Files\other</Filter>
    </ClInclude>
    <ClInclude Include="include\maths\glm\gtc\random.hpp">
      <Filter>Header Files\other</Filter>
    </ClInclude>
    <ClInclude Include="include\maths\glm\gtx\range.hpp">
      <Filter>Header Files\other</Filter>
    </ClInclude>
    <ClInclude Include="include\maths\glm\gtx\raw_data.hpp">
      <Filter>Header Files\other</Filter>
    </ClInclude>
    <ClInclude Include="include\maths\glm\gtc\reciprocal.hpp">
      <Filter>Header Files\other</Filter>
    </ClInclude>
    <ClInclude Include="include\maths\glm\gtx\rotate_normalized_axis.hpp">
      <Filter>Header Files\other</Filter>
    </ClInclude>
    <ClInclude Include="include\maths\glm\gtx\rotate_vector.hpp">
      <Filter>Header Files\other</Filter>
    </ClInclude>
    <ClInclude Include="include\maths\glm\gtc\round.hpp">
      <Filter>Header Files\other</Filter>
    </ClInclude>
    <ClInclude Include="include\maths\glm\ext\scalar_common.hpp">
      <Filter>Header Files\other</Filter>
    </ClInclude>
    <ClInclude Include="include\maths\glm\ext\scalar_constants.hpp">
      <Filter>Header Files\other</Filter>
    </ClInclude>
    <ClInclude Include="include\maths\glm\ext\scalar_int_sized.hpp">
      <Filter>Header Files\other</Filter>
    </ClInclude>
    <ClInclude Include="include\maths\glm\ext\scalar_integer.hpp">
      <Filter>Header Files\other</Filter>
    </ClInclude>
    <ClInclude Include="include\maths\glm\gtx\scalar_multiplication.hpp">
      <Filter>Header Files\other</Filter>
    </ClInclude>
    <ClInclude Include="include\maths\glm\ext\scalar_packing.hpp">
      <Filter>Header Files\other</Filter>
    </ClInclude>
    <ClInclude Include="include\maths\glm\ext\scalar_reciprocal.hpp">
      <Filter>Header Files\other</Filter>
    </ClInclude>
    <ClInclude Include="include\maths\glm\ext\scalar_relational.hpp">
      <Filter>Header Files\other</Filter>
    </ClInclude>
    <ClInclude Include="include\maths\glm\gtx\scalar_relational.hpp">
      <Filter>Header Files\other</Filter>
    </ClInclude>
    <ClInclude Include="include\maths\glm\ext\scalar_uint_sized.hpp">
      <Filter>Header Files\other</Filter>
    </ClInclude>
    <ClInclude Include="include\maths\glm\ext\scalar_ulp.hpp">
      <Filter>Header Files\other</Filter>
    </ClInclude>
    <ClInclude Include="include\maths\glm\detail\setup.hpp">
      <Filter>Header Files\other</Filter>
    </ClInclude>
    <ClInclude Include="include\data\Texture.h">
      <Filter>Header Files\data</Filter>
    </ClInclude>
    <ClInclude Include="include\data\Transform.h">
      <Filter>Header Files\data</Filter>
    </ClInclude>
    <ClInclude Include="include\maths\glm\gtx\spline.hpp">
      <Filter>Header Files\other</Filter>
    </ClInclude>
    <ClInclude Include="include\render\stb_image.h">
      <Filter>Header Files\other</Filter>
    </ClInclude>
    <ClInclude Include="include\maths\glm\gtx\std_based_type.hpp">
      <Filter>Header Files\other</Filter>
    </ClInclude>
    <ClInclude Include="include\maths\glm\gtx\string_cast.hpp">
      <Filter>Header Files\other</Filter>
    </ClInclude>
    <ClInclude Include="include\maths\glm\gtx\texture.hpp">
      <Filter>Header Files\other</Filter>
    </ClInclude>
    <ClInclude Include="include\maths\glm\gtx\transform.hpp">
      <Filter>Header Files\other</Filter>
    </ClInclude>
    <ClInclude Include="include\maths\glm\gtx\transform2.hpp">
      <Filter>Header Files\other</Filter>
    </ClInclude>
    <ClInclude Include="include\maths\glm\simd\trigonometric.h">
      <Filter>Header Files\other</Filter>
    </ClInclude>
    <ClInclude Include="include\maths\glm\trigonometric.hpp">
      <Filter>Header Files\other</Filter>
    </ClInclude>
    <ClInclude Include="include\maths\glm\gtc\type_aligned.hpp">
      <Filter>Header Files\other</Filter>
    </ClInclude>
    <ClInclude Include="include\maths\glm\gtx\type_aligned.hpp">
      <Filter>Header Files\other</Filter>
    </ClInclude>
    <ClInclude Include="include\maths\glm\detail\type_float.hpp">
      <Filter>Header Files\other</Filter>
    </ClInclude>
    <ClInclude Include="include\maths\glm\detail\type_half.hpp">
      <Filter>Header Files\other</Filter>
    </ClInclude>
    <ClInclude Include="include\maths\glm\detail\type_mat2x2.hpp">
      <Filter>Header Files\other</Filter>
    </ClInclude>
    <ClInclude Include="include\maths\glm\detail\type_mat2x3.hpp">
      <Filter>Header Files\other</Filter>
    </ClInclude>
    <ClInclude Include="include\maths\glm\detail\type_mat2x4.hpp">
      <Filter>Header Files\other</Filter>
    </ClInclude>
    <ClInclude Include="include\maths\glm\detail\type_mat3x2.hpp">
      <Filter>Header Files\other</Filter>
    </ClInclude>
    <ClInclude Include="include\maths\glm\detail\type_mat3x3.hpp">
      <Filter>Header Files\other</Filter>
    </ClInclude>
    <ClInclude Include="include\maths\glm\detail\type_mat3x4.hpp">
      <Filter>Header Files\other</Filter>
    </ClInclude>
    <ClInclude Include="include\maths\glm\detail\type_mat4x2.hpp">
      <Filter>Header Files\other</Filter>
    </ClInclude>
    <ClInclude Include="include\maths\glm\detail\type_mat4x3.hpp">
      <Filter>Header Files\other</Filter>
    </ClInclude>
    <ClInclude Include="include\maths\glm\detail\type_mat4x4.hpp">
      <Filter>Header Files\other</Filter>
    </ClInclude>
    <ClInclude Include="include\maths\glm\gtc\type_precision.hpp">
      <Filter>Header Files\other</Filter>
    </ClInclude>
    <ClInclude Include="include\maths\glm\gtc\type_ptr.hpp">
      <Filter>Header Files\other</Filter>
    </ClInclude>
    <ClInclude Include="include\maths\glm\detail\type_quat.hpp">
      <Filter>Header Files\other</Filter>
    </ClInclude>
    <ClInclude Include="include\maths\glm\gtx\type_trait.hpp">
      <Filter>Header Files\other</Filter>
    </ClInclude>
    <ClInclude Include="include\maths\glm\detail\type_vec1.hpp">
      <Filter>Header Files\other</Filter>
    </ClInclude>
    <ClInclude Include="include\maths\glm\detail\type_vec2.hpp">
      <Filter>Header Files\other</Filter>
    </ClInclude>
    <ClInclude Include="include\maths\glm\detail\type_vec3.hpp">
      <Filter>Header Files\other</Filter>
    </ClInclude>
    <ClInclude Include="include\maths\glm\detail\type_vec4.hpp">
      <Filter>Header Files\other</Filter>
    </ClInclude>
    <ClInclude Include="include\maths\glm\gtc\ulp.hpp">
      <Filter>Header Files\other</Filter>
    </ClInclude>
    <ClInclude Include="include\maths\glm\gtx\vec_swizzle.hpp">
      <Filter>Header Files\other</Filter>
    </ClInclude>
    <ClInclude Include="include\maths\glm\gtc\vec1.hpp">
      <Filter>Header Files\other</Filter>
    </ClInclude>
    <ClInclude Include="include\maths\glm\vec2.hpp">
      <Filter>Header Files\other</Filter>
    </ClInclude>
    <ClInclude Include="include\maths\glm\vec3.hpp">
      <Filter>Header Files\other</Filter>
    </ClInclude>
    <ClInclude Include="include\maths\glm\vec4.hpp">
      <Filter>Header Files\other</Filter>
    </ClInclude>
    <ClInclude Include="include\maths\glm\gtx\vector_angle.hpp">
      <Filter>Header Files\other</Filter>
    </ClInclude>
    <ClInclude Include="include\maths\glm\ext\vector_bool1.hpp">
      <Filter>Header Files\other</Filter>
    </ClInclude>
    <ClInclude Include="include\maths\glm\ext\vector_bool1_precision.hpp">
      <Filter>Header Files\other</Filter>
    </ClInclude>
    <ClInclude Include="include\maths\glm\ext\vector_bool2.hpp">
      <Filter>Header Files\other</Filter>
    </ClInclude>
    <ClInclude Include="include\maths\glm\ext\vector_bool2_precision.hpp">
      <Filter>Header Files\other</Filter>
    </ClInclude>
    <ClInclude Include="include\maths\glm\ext\vector_bool3.hpp">
      <Filter>Header Files\other</Filter>
    </ClInclude>
    <ClInclude Include="include\maths\glm\ext\vector_bool3_precision.hpp">
      <Filter>Header Files\other</Filter>
    </ClInclude>
    <ClInclude Include="include\maths\glm\ext\vector_bool4.hpp">
      <Filter>Header Files\other</Filter>
    </ClInclude>
    <ClInclude Include="include\maths\glm\ext\vector_bool4_precision.hpp">
      <Filter>Header Files\other</Filter>
    </ClInclude>
    <ClInclude Include="include\maths\glm\ext\vector_common.hpp">
      <Filter>Header Files\other</Filter>
    </ClInclude>
    <ClInclude Include="include\maths\glm\ext\vector_double1.hpp">
      <Filter>Header Files\other</Filter>
    </ClInclude>
    <ClInclude Include="include\maths\glm\ext\vector_double1_precision.hpp">
      <Filter>Header Files\other</Filter>
    </ClInclude>
    <ClInclude Include="include\maths\glm\ext\vector_double2.hpp">
      <Filter>Header Files\other</Filter>
    </ClInclude>
    <ClInclude Include="include\maths\glm\ext\vector_double2_precision.hpp">
      <Filter>Header Files\other</Filter>
    </ClInclude>
    <ClInclude Include="include\maths\glm\ext\vector_double3.hpp">
      <Filter>Header Files\other</Filter>
    </ClInclude>
    <ClInclude Include="include\maths\glm\ext\vector_double3_precision.hpp">
      <Filter>Header Files\other</Filter>
    </ClInclude>
    <ClInclude Include="include\maths\glm\ext\vector_double4.hpp">
      <Filter>Header Files\other</Filter>
    </ClInclude>
    <ClInclude Include="include\maths\glm\ext\vector_double4_precision.hpp">
      <Filter>Header Files\other</Filter>
    </ClInclude>
    <ClInclude Include="include\maths\glm\ext\vector_float1.hpp">
      <Filter>Header Files\other</Filter>
    </ClInclude>
    <ClInclude Include="include\maths\glm\ext\vector_float1_precision.hpp">
      <Filter>Header Files\other</Filter>
    </ClInclude>
    <ClInclude Include="include\maths\glm\ext\vector_float2.hpp">
      <Filter>Header Files\other</Filter>
    </ClInclude>
    <ClInclude Include="include\maths\glm\ext\vector_float2_precision.hpp">
      <Filter>Header Files\other</Filter>
    </ClInclude>
    <ClInclude Include="include\maths\glm\ext\vector_float3.hpp">
      <Filter>Header Files\other</Filter>
    </ClInclude>
    <ClInclude Include="include\maths\glm\ext\vector_float3_precision.hpp">
      <Filter>Header Files\other</Filter>
    </ClInclude>
    <ClInclude Include="include\maths\glm\ext\vector_float4.hpp">
      <Filter>Header Files\other</Filter>
    </ClInclude>
    <ClInclude Include="include\maths\glm\ext\vector_float4_precision.hpp">
      <Filter>Header Files\other</Filter>
    </ClInclude>
    <ClInclude Include="include\maths\glm\ext\vector_int1.hpp">
      <Filter>Header Files\other</Filter>
    </ClInclude>
    <ClInclude Include="include\maths\glm\ext\vector_int1_sized.hpp">
      <Filter>Header Files\other</Filter>
    </ClInclude>
    <ClInclude Include="include\maths\glm\ext\vector_int2.hpp">
      <Filter>Header Files\other</Filter>
    </ClInclude>
    <ClInclude Include="include\maths\glm\ext\vector_int2_sized.hpp">
      <Filter>Header Files\other</Filter>
    </ClInclude>
    <ClInclude Include="include\maths\glm\ext\vector_int3.hpp">
      <Filter>Header Files\other</Filter>
    </ClInclude>
    <ClInclude Include="include\maths\glm\ext\vector_int3_sized.hpp">
      <Filter>Header Files\other</Filter>
    </ClInclude>
    <ClInclude Include="include\maths\glm\ext\vector_int4.hpp">
      <Filter>Header Files\other</Filter>
    </ClInclude>
    <ClInclude Include="include\maths\glm\ext\vector_int4_sized.hpp">
      <Filter>Header Files\other</Filter>
    </ClInclude>
    <ClInclude Include="include\maths\glm\ext\vector_integer.hpp">
      <Filter>Header Files\other</Filter>
    </ClInclude>
    <ClInclude Include="include\maths\glm\ext\vector_packing.hpp">
      <Filter>Header Files\other</Filter>
    </ClInclude>
    <ClInclude Include="include\maths\glm\gtx\vector_query.hpp">
      <Filter>Header Files\other</Filter>
    </ClInclude>
    <ClInclude Include="include\maths\glm\ext\vector_reciprocal.hpp">
      <Filter>Header Files\other</Filter>
    </ClInclude>
    <ClInclude Include="include\maths\glm\simd\vector_relational.h">
      <Filter>Header Files\other</Filter>
    </ClInclude>
    <ClInclude Include="include\maths\glm\ext\vector_relational.hpp">
      <Filter>Header Files\other</Filter>
    </ClInclude>
    <ClInclude Include="include\maths\glm\vector_relational.hpp">
      <Filter>Header Files\other</Filter>
    </ClInclude>
    <ClInclude Include="include\maths\glm\ext\vector_uint1.hpp">
      <Filter>Header Files\other</Filter>
    </ClInclude>
    <ClInclude Include="include\maths\glm\ext\vector_uint1_sized.hpp">
      <Filter>Header Files\other</Filter>
    </ClInclude>
    <ClInclude Include="include\maths\glm\ext\vector_uint2.hpp">
      <Filter>Header Files\other</Filter>
    </ClInclude>
    <ClInclude Include="include\maths\glm\ext\vector_uint2_sized.hpp">
      <Filter>Header Files\other</Filter>
    </ClInclude>
    <ClInclude Include="include\maths\glm\ext\vector_uint3.hpp">
      <Filter>Header Files\other</Filter>
    </ClInclude>
    <ClInclude Include="include\maths\glm\ext\vector_uint3_sized.hpp">
      <Filter>Header Files\other</Filter>
    </ClInclude>
    <ClInclude Include="include\maths\glm\ext\vector_uint4.hpp">
      <Filter>Header Files\other</Filter>
    </ClInclude>
    <ClInclude Include="include\maths\glm\ext\vector_uint4_sized.hpp">
      <Filter>Header Files\other</Filter>
    </ClInclude>
    <ClInclude Include="include\maths\glm\ext\vector_ulp.hpp">
      <Filter>Header Files\other</Filter>
    </ClInclude>
    <ClInclude Include="include\data\Vertex.h">
      <Filter>Header Files\data</Filter>
    </ClInclude>
    <ClInclude Include="include\maths\glm\gtx\wrap.hpp">
      <Filter>Header Files\other</Filter>
    </ClInclude>
    <ClInclude Include="include\utils\ImGui_Utils.h">
      <Filter>Header Files\utils</Filter>
    </ClInclude>
    <ClInclude Include="include\system\Time.h">
      <Filter>Header Files\system</Filter>
    </ClInclude>
    <ClInclude Include="include\data\mesh\MeshData.h">
      <Filter>Header Files</Filter>
    </ClInclude>
    <ClInclude Include="include\data\mesh\Mesh.h">
      <Filter>Header Files</Filter>
    </ClInclude>
    <ClInclude Include="include\system\editor\Editor.h">
      <Filter>Header Files</Filter>
    </ClInclude>
    <ClInclude Include="include\system\editor\Inspector.h">
      <Filter>Header Files</Filter>
    </ClInclude>
    <ClInclude Include="include\system\editor\Gizmo.h">
      <Filter>Header Files</Filter>
    </ClInclude>
    <ClInclude Include="include\data\mesh\WireCube.h">
      <Filter>Header Files</Filter>
    </ClInclude>
    <ClInclude Include="include\system\GlobalSettings.h">
      <Filter>Header Files</Filter>
    </ClInclude>
    <ClInclude Include="include\data\Color.h">
      <Filter>Header Files</Filter>
    </ClInclude>
    <ClInclude Include="include\data\mesh\WireSphere.h">
      <Filter>Header Files</Filter>
    </ClInclude>
    <ClInclude Include="include\component\Light.h">
      <Filter>Header Files</Filter>
    </ClInclude>
    <ClInclude Include="include\data\mesh\WireCone.h">
      <Filter>Header Files</Filter>
    </ClInclude>
    <ClInclude Include="include\data\mesh\WireConeFrustum.h">
      <Filter>Header Files</Filter>
    </ClInclude>
    <ClInclude Include="include\data\BoundingBox.h">
      <Filter>Header Files</Filter>
    </ClInclude>
  </ItemGroup>
  <ItemGroup>
    <None Include="shaders\VertexShader.glsl" />
    <None Include="shaders\FragmentShader.glsl" />
    <None Include="shaders\light\Color.vs" />
    <None Include="shaders\light\Color.fs" />
    <None Include="shaders\light\LightCube.vs" />
    <None Include="shaders\light\LightCube.fs" />
    <None Include="include\maths\glm\gtx\associated_min_max.inl">
      <Filter>Header Files\other</Filter>
    </None>
    <None Include="include\maths\glm\gtx\bit.inl">
      <Filter>Header Files\other</Filter>
    </None>
    <None Include="include\maths\glm\gtc\bitfield.inl">
      <Filter>Header Files\other</Filter>
    </None>
    <None Include="include\maths\glm\gtx\closest_point.inl">
      <Filter>Header Files\other</Filter>
    </None>
    <None Include="include\maths\glm\gtx\color_encoding.inl">
      <Filter>Header Files\other</Filter>
    </None>
    <None Include="include\maths\glm\gtx\color_space.inl">
      <Filter>Header Files\other</Filter>
    </None>
    <None Include="include\maths\glm\gtc\color_space.inl">
      <Filter>Header Files\other</Filter>
    </None>
    <None Include="include\maths\glm\gtx\color_space_YCoCg.inl">
      <Filter>Header Files\other</Filter>
    </None>
    <None Include="include\maths\glm\gtx\common.inl">
      <Filter>Header Files\other</Filter>
    </None>
    <None Include="include\maths\glm\gtx\compatibility.inl">
      <Filter>Header Files\other</Filter>
    </None>
    <None Include="include\maths\glm\gtx\component_wise.inl">
      <Filter>Header Files\other</Filter>
    </None>
    <None Include="include\maths\glm\gtc\constants.inl">
      <Filter>Header Files\other</Filter>
    </None>
    <None Include="include\maths\glm\gtx\dual_quaternion.inl">
      <Filter>Header Files\other</Filter>
    </None>
    <None Include="include\maths\glm\gtx\easing.inl">
      <Filter>Header Files\other</Filter>
    </None>
    <None Include="include\maths\glm\gtc\epsilon.inl">
      <Filter>Header Files\other</Filter>
    </None>
    <None Include="include\maths\glm\gtx\euler_angles.inl">
      <Filter>Header Files\other</Filter>
    </None>
    <None Include="include\maths\glm\gtx\extend.inl">
      <Filter>Header Files\other</Filter>
    </None>
    <None Include="include\maths\glm\gtx\extended_min_max.inl">
      <Filter>Header Files\other</Filter>
    </None>
    <None Include="include\maths\glm\gtx\exterior_product.inl">
      <Filter>Header Files\other</Filter>
    </None>
    <None Include="include\maths\glm\gtx\fast_exponential.inl">
      <Filter>Header Files\other</Filter>
    </None>
    <None Include="include\maths\glm\gtx\fast_square_root.inl">
      <Filter>Header Files\other</Filter>
    </None>
    <None Include="include\maths\glm\gtx\fast_trigonometry.inl">
      <Filter>Header Files\other</Filter>
    </None>
    <None Include="include\maths\glm\gtx\float_notmalize.inl">
      <Filter>Header Files\other</Filter>
    </None>
    <None Include="include\maths\glm\detail\func_common.inl">
      <Filter>Header Files\other</Filter>
    </None>
    <None Include="include\maths\glm\detail\func_common_simd.inl">
      <Filter>Header Files\other</Filter>
    </None>
    <None Include="include\maths\glm\detail\func_exponential.inl">
      <Filter>Header Files\other</Filter>
    </None>
    <None Include="include\maths\glm\detail\func_exponential_simd.inl">
      <Filter>Header Files\other</Filter>
    </None>
    <None Include="include\maths\glm\detail\func_geometric.inl">
      <Filter>Header Files\other</Filter>
    </None>
    <None Include="include\maths\glm\detail\func_geometric_simd.inl">
      <Filter>Header Files\other</Filter>
    </None>
    <None Include="include\maths\glm\detail\func_integer.inl">
      <Filter>Header Files\other</Filter>
    </None>
    <None Include="include\maths\glm\detail\func_integer_simd.inl">
      <Filter>Header Files\other</Filter>
    </None>
    <None Include="include\maths\glm\detail\func_matrix.inl">
      <Filter>Header Files\other</Filter>
    </None>
    <None Include="include\maths\glm\detail\func_matrix_simd.inl">
      <Filter>Header Files\other</Filter>
    </None>
    <None Include="include\maths\glm\detail\func_packing.inl">
      <Filter>Header Files\other</Filter>
    </None>
    <None Include="include\maths\glm\detail\func_packing_simd.inl">
      <Filter>Header Files\other</Filter>
    </None>
    <None Include="include\maths\glm\detail\func_trigonometric.inl">
      <Filter>Header Files\other</Filter>
    </None>
    <None Include="include\maths\glm\detail\func_trigonometric_simd.inl">
      <Filter>Header Files\other</Filter>
    </None>
    <None Include="include\maths\glm\detail\func_vector_relational.inl">
      <Filter>Header Files\other</Filter>
    </None>
    <None Include="include\maths\glm\detail\func_vector_relational_simd.inl">
      <Filter>Header Files\other</Filter>
    </None>
    <None Include="include\maths\glm\gtx\functions.inl">
      <Filter>Header Files\other</Filter>
    </None>
    <None Include="include\maths\glm\gtx\gradient_paint.inl">
      <Filter>Header Files\other</Filter>
    </None>
    <None Include="include\maths\glm\gtx\handed_coordinate_space.inl">
      <Filter>Header Files\other</Filter>
    </None>
    <None Include="include\maths\glm\gtx\hash.inl">
      <Filter>Header Files\other</Filter>
    </None>
    <None Include="include\maths\glm\gtx\integer.inl">
      <Filter>Header Files\other</Filter>
    </None>
    <None Include="include\maths\glm\gtc\integer.inl">
      <Filter>Header Files\other</Filter>
    </None>
    <None Include="include\maths\glm\gtx\intersect.inl">
      <Filter>Header Files\other</Filter>
    </None>
    <None Include="include\maths\glm\gtx\io.inl">
      <Filter>Header Files\other</Filter>
    </None>
    <None Include="include\maths\glm\gtx\log_base.inl">
      <Filter>Header Files\other</Filter>
    </None>
    <None Include="include\maths\glm\gtc\matrix_access.inl">
      <Filter>Header Files\other</Filter>
    </None>
    <None Include="include\maths\glm\ext\matrix_clip_space.inl">
      <Filter>Header Files\other</Filter>
    </None>
    <None Include="include\maths\glm\ext\matrix_common.inl">
      <Filter>Header Files\other</Filter>
    </None>
    <None Include="include\maths\glm\gtx\matrix_cross_product.inl">
      <Filter>Header Files\other</Filter>
    </None>
    <None Include="include\maths\glm\gtx\matrix_decompose.inl">
      <Filter>Header Files\other</Filter>
    </None>
    <None Include="include\maths\glm\gtx\matrix_factorisation.inl">
      <Filter>Header Files\other</Filter>
    </None>
    <None Include="include\maths\glm\ext\matrix_integer.inl">
      <Filter>Header Files\other</Filter>
    </None>
    <None Include="include\maths\glm\gtx\matrix_interpolation.inl">
      <Filter>Header Files\other</Filter>
    </None>
    <None Include="include\maths\glm\gtc\matrix_inverse.inl">
      <Filter>Header Files\other</Filter>
    </None>
    <None Include="include\maths\glm\gtx\matrix_major_storage.inl">
      <Filter>Header Files\other</Filter>
    </None>
    <None Include="include\maths\glm\gtx\matrix_operation.inl">
      <Filter>Header Files\other</Filter>
    </None>
    <None Include="include\maths\glm\ext\matrix_projection.inl">
      <Filter>Header Files\other</Filter>
    </None>
    <None Include="include\maths\glm\gtx\matrix_query.inl">
      <Filter>Header Files\other</Filter>
    </None>
    <None Include="include\maths\glm\ext\matrix_relational.inl">
      <Filter>Header Files\other</Filter>
    </None>
    <None Include="include\maths\glm\ext\matrix_transform.inl">
      <Filter>Header Files\other</Filter>
    </None>
    <None Include="include\maths\glm\gtc\matrix_transform.inl">
      <Filter>Header Files\other</Filter>
    </None>
    <None Include="include\maths\glm\gtx\matrix_transform_2d.inl">
      <Filter>Header Files\other</Filter>
    </None>
    <None Include="include\maths\glm\gtx\mixed_product.inl">
      <Filter>Header Files\other</Filter>
    </None>
    <None Include="include\maths\glm\gtc\noise.inl">
      <Filter>Header Files\other</Filter>
    </None>
    <None Include="include\maths\glm\gtx\norm.inl">
      <Filter>Header Files\other</Filter>
    </None>
    <None Include="include\maths\glm\gtx\normal.inl">
      <Filter>Header Files\other</Filter>
    </None>
    <None Include="include\maths\glm\gtx\normalize_dot.inl">
      <Filter>Header Files\other</Filter>
    </None>
    <None Include="include\maths\glm\gtx\optimum_pow.inl">
      <Filter>Header Files\other</Filter>
    </None>
    <None Include="include\maths\glm\gtx\orthonormalize.inl">
      <Filter>Header Files\other</Filter>
    </None>
    <None Include="include\maths\glm\gtc\packing.inl">
      <Filter>Header Files\other</Filter>
    </None>
    <None Include="include\maths\glm\gtx\pca.inl">
      <Filter>Header Files\other</Filter>
    </None>
    <None Include="include\maths\glm\gtx\perpendicular.inl">
      <Filter>Header Files\other</Filter>
    </None>
    <None Include="include\maths\glm\gtx\polar_coordinates.inl">
      <Filter>Header Files\other</Filter>
    </None>
    <None Include="include\maths\glm\gtx\projection.inl">
      <Filter>Header Files\other</Filter>
    </None>
    <None Include="include\maths\glm\gtc\quaternion.inl">
      <Filter>Header Files\other</Filter>
    </None>
    <None Include="include\maths\glm\gtx\quaternion.inl">
      <Filter>Header Files\other</Filter>
    </None>
    <None Include="include\maths\glm\ext\quaternion_common.inl">
      <Filter>Header Files\other</Filter>
    </None>
    <None Include="include\maths\glm\ext\quaternion_common_simd.inl">
      <Filter>Header Files\other</Filter>
    </None>
    <None Include="include\maths\glm\ext\quaternion_exponential.inl">
      <Filter>Header Files\other</Filter>
    </None>
    <None Include="include\maths\glm\ext\quaternion_geometric.inl">
      <Filter>Header Files\other</Filter>
    </None>
    <None Include="include\maths\glm\ext\quaternion_relational.inl">
      <Filter>Header Files\other</Filter>
    </None>
    <None Include="include\maths\glm\gtc\quaternion_simd.inl">
      <Filter>Header Files\other</Filter>
    </None>
    <None Include="include\maths\glm\ext\quaternion_transform.inl">
      <Filter>Header Files\other</Filter>
    </None>
    <None Include="include\maths\glm\ext\quaternion_trigonometric.inl">
      <Filter>Header Files\other</Filter>
    </None>
    <None Include="include\maths\glm\gtc\random.inl">
      <Filter>Header Files\other</Filter>
    </None>
    <None Include="include\maths\glm\gtx\raw_data.inl">
      <Filter>Header Files\other</Filter>
    </None>
    <None Include="include\maths\glm\gtx\rotate_normalized_axis.inl">
      <Filter>Header Files\other</Filter>
    </None>
    <None Include="include\maths\glm\gtx\rotate_vector.inl">
      <Filter>Header Files\other</Filter>
    </None>
    <None Include="include\maths\glm\gtc\round.inl">
      <Filter>Header Files\other</Filter>
    </None>
    <None Include="include\maths\glm\ext\scalar_common.inl">
      <Filter>Header Files\other</Filter>
    </None>
    <None Include="include\maths\glm\ext\scalar_constants.inl">
      <Filter>Header Files\other</Filter>
    </None>
    <None Include="include\maths\glm\ext\scalar_integer.inl">
      <Filter>Header Files\other</Filter>
    </None>
    <None Include="include\maths\glm\ext\scalar_packing.inl">
      <Filter>Header Files\other</Filter>
    </None>
    <None Include="include\maths\glm\ext\scalar_reciprocal.inl">
      <Filter>Header Files\other</Filter>
    </None>
    <None Include="include\maths\glm\gtx\scalar_relational.inl">
      <Filter>Header Files\other</Filter>
    </None>
    <None Include="include\maths\glm\ext\scalar_relational.inl">
      <Filter>Header Files\other</Filter>
    </None>
    <None Include="include\maths\glm\ext\scalar_ulp.inl">
      <Filter>Header Files\other</Filter>
    </None>
    <None Include="include\maths\glm\gtx\spline.inl">
      <Filter>Header Files\other</Filter>
    </None>
    <None Include="include\maths\glm\gtx\std_based_type.inl">
      <Filter>Header Files\other</Filter>
    </None>
    <None Include="include\maths\glm\gtx\string_cast.inl">
      <Filter>Header Files\other</Filter>
    </None>
    <None Include="include\maths\glm\gtx\texture.inl">
      <Filter>Header Files\other</Filter>
    </None>
    <None Include="include\maths\glm\gtx\transform.inl">
      <Filter>Header Files\other</Filter>
    </None>
    <None Include="include\maths\glm\gtx\transform2.inl">
      <Filter>Header Files\other</Filter>
    </None>
    <None Include="include\maths\glm\gtx\type_aligned.inl">
      <Filter>Header Files\other</Filter>
    </None>
    <None Include="include\maths\glm\detail\type_half.inl">
      <Filter>Header Files\other</Filter>
    </None>
    <None Include="include\maths\glm\detail\type_mat2x2.inl">
      <Filter>Header Files\other</Filter>
    </None>
    <None Include="include\maths\glm\detail\type_mat2x3.inl">
      <Filter>Header Files\other</Filter>
    </None>
    <None Include="include\maths\glm\detail\type_mat2x4.inl">
      <Filter>Header Files\other</Filter>
    </None>
    <None Include="include\maths\glm\detail\type_mat3x2.inl">
      <Filter>Header Files\other</Filter>
    </None>
    <None Include="include\maths\glm\detail\type_mat3x3.inl">
      <Filter>Header Files\other</Filter>
    </None>
    <None Include="include\maths\glm\detail\type_mat3x4.inl">
      <Filter>Header Files\other</Filter>
    </None>
    <None Include="include\maths\glm\detail\type_mat4x2.inl">
      <Filter>Header Files\other</Filter>
    </None>
    <None Include="include\maths\glm\detail\type_mat4x3.inl">
      <Filter>Header Files\other</Filter>
    </None>
    <None Include="include\maths\glm\detail\type_mat4x4.inl">
      <Filter>Header Files\other</Filter>
    </None>
    <None Include="include\maths\glm\detail\type_mat4x4_simd.inl">
      <Filter>Header Files\other</Filter>
    </None>
    <None Include="include\maths\glm\gtc\type_precision.inl">
      <Filter>Header Files\other</Filter>
    </None>
    <None Include="include\maths\glm\gtc\type_ptr.inl">
      <Filter>Header Files\other</Filter>
    </None>
    <None Include="include\maths\glm\detail\type_quat.inl">
      <Filter>Header Files\other</Filter>
    </None>
    <None Include="include\maths\glm\detail\type_quat_simd.inl">
      <Filter>Header Files\other</Filter>
    </None>
    <None Include="include\maths\glm\gtx\type_trait.inl">
      <Filter>Header Files\other</Filter>
    </None>
    <None Include="include\maths\glm\detail\type_vec1.inl">
      <Filter>Header Files\other</Filter>
    </None>
    <None Include="include\maths\glm\detail\type_vec2.inl">
      <Filter>Header Files\other</Filter>
    </None>
    <None Include="include\maths\glm\detail\type_vec3.inl">
      <Filter>Header Files\other</Filter>
    </None>
    <None Include="include\maths\glm\detail\type_vec4.inl">
      <Filter>Header Files\other</Filter>
    </None>
    <None Include="include\maths\glm\detail\type_vec4_simd.inl">
      <Filter>Header Files\other</Filter>
    </None>
    <None Include="include\maths\glm\gtc\ulp.inl">
      <Filter>Header Files\other</Filter>
    </None>
    <None Include="include\maths\glm\gtx\vector_angle.inl">
      <Filter>Header Files\other</Filter>
    </None>
    <None Include="include\maths\glm\ext\vector_common.inl">
      <Filter>Header Files\other</Filter>
    </None>
    <None Include="include\maths\glm\ext\vector_integer.inl">
      <Filter>Header Files\other</Filter>
    </None>
    <None Include="include\maths\glm\ext\vector_packing.inl">
      <Filter>Header Files\other</Filter>
    </None>
    <None Include="include\maths\glm\gtx\vector_query.inl">
      <Filter>Header Files\other</Filter>
    </None>
    <None Include="include\maths\glm\ext\vector_reciprocal.inl">
      <Filter>Header Files\other</Filter>
    </None>
    <None Include="include\maths\glm\ext\vector_relational.inl">
      <Filter>Header Files\other</Filter>
    </None>
    <None Include="include\maths\glm\ext\vector_ulp.inl">
      <Filter>Header Files\other</Filter>
    </None>
    <None Include="include\maths\glm\gtx\wrap.inl">
      <Filter>Header Files\other</Filter>
    </None>
    <None Include="shaders\gizmo\GizmoFragmentShader.glsl" />
    <None Include="shaders\gizmo\GizmoVertexShader.glsl" />
  </ItemGroup>
  <ItemGroup>
    <Image Include="resources\textures\awesomeface.png">
      <Filter>Resource Files</Filter>
    </Image>
    <Image Include="resources\textures\container.jpg">
      <Filter>Resource Files</Filter>
    </Image>
    <Image Include="resources\textures\square.jpg">
      <Filter>Resource Files</Filter>
    </Image>
  </ItemGroup>
  <ItemGroup>
    <Text Include="include\maths\glm\CMakeLists.txt" />
  </ItemGroup>
</Project>